# THIS IS AN AUTOGENERATED FILE. DO NOT EDIT THIS FILE DIRECTLY.
# yarn lockfile v1


"@types/aws-lambda@^8.10.92":
  version "8.10.106"
  resolved "https://registry.yarnpkg.com/@types/aws-lambda/-/aws-lambda-8.10.106.tgz#8f64c61c978e46a592044b5a697cb80ea9a542d3"
  integrity sha512-yzgMaql7aW1by1XuhKhovuhLyK/1A60lapFXDXXBeHmoyRGQFO2T8lkL3g8hAhHoW5PEvqPJFWPd8jvXiRnxeQ==
