# THIS IS AN AUTOGENERATED FILE. DO NOT EDIT THIS FILE DIRECTLY.
# yarn lockfile v1


"@types/aws-lambda@^8.10.92":
  version "8.10.104"
  resolved "https://registry.yarnpkg.com/@types/aws-lambda/-/aws-lambda-8.10.104.tgz#01ec1d55a08bdf1201150d9ecae39ff7cca9ff4a"
  integrity sha512-HXZJH8aBa06re9NCtFudOr21izYZycgXIVjd8vFBSNSf6Ca4GYD77TfKqwYgcDqv4olqj5KK+Ks7Xi5IXFbNGA==
