# THIS IS AN AUTOGENERATED FILE. DO NOT EDIT THIS FILE DIRECTLY.
# yarn lockfile v1


"@types/aws-lambda@^8.10.92":
  version "8.10.99"
  resolved "https://registry.yarnpkg.com/@types/aws-lambda/-/aws-lambda-8.10.99.tgz#14fb91e5ee54d517f5b3209b027edddee9900ba6"
  integrity sha512-BLlr4HGGF9Ga5vvZumpuXuyFUIhnCZsOdjPWy/iCJi+NIYAw30jA3XC5tyVf2RfaXm5thMR2SC3DosDVIMhM5g==
